
Microsoft Visual Studio Solution File, Format Version 12.00
# Visual Studio Version 17
VisualStudioVersion = 17.7.34024.191
MinimumVisualStudioVersion = 10.0.40219.1
Project("{9A19103F-16F7-4668-BE54-9A1E7A4F7556}") = "Taschenrechner", "Taschenrechner\Taschenrechner.csproj", "{7911D14A-81A5-4546-97E5-EBD0C4330476}"
EndProject
Project("{9A19103F-16F7-4668-BE54-9A1E7A4F7556}") = "Schleifen", "Schleifen\Schleifen.csproj", "{41E28F0A-7CE3-4E6E-BE45-B0FA763E2621}"
EndProject
Project("{9A19103F-16F7-4668-BE54-9A1E7A4F7556}") = "Kontrollstrukturen", "Kontrollstrukturen\Kontrollstrukturen.csproj", "{3A14DFE7-3FEC-4A82-AB2D-F2FD063AA77D}"
EndProject
Project("{9A19103F-16F7-4668-BE54-9A1E7A4F7556}") = "Functions", "Functions\Functions.csproj", "{E62C965A-1C73-4C58-86A7-C4B7F3C5B1FF}"
EndProject
Project("{9A19103F-16F7-4668-BE54-9A1E7A4F7556}") = "VariablenUndDatentypen", "VariablenUndDatentypen\VariablenUndDatentypen.csproj", "{30D350E2-A99C-4BFE-BF2D-F03755D6271C}"
EndProject
Project("{9A19103F-16F7-4668-BE54-9A1E7A4F7556}") = "Collections", "Collections\Collections.csproj", "{6C3B210B-61F3-4C2F-A6FA-98817648E0C2}"
EndProject
Project("{9A19103F-16F7-4668-BE54-9A1E7A4F7556}") = "Projektstruktur", "Projektstruktur\Projektstruktur.csproj", "{8767A41F-5656-4CAC-9A25-FE62B22F5E00}"
EndProject
Project("{9A19103F-16F7-4668-BE54-9A1E7A4F7556}") = "dotnet-cli", "dotnet-cli\dotnet-cli.csproj", "{A4EC43AE-D74D-4CB2-B2E2-D2CC5FD0C260}"
EndProject
Project("{9A19103F-16F7-4668-BE54-9A1E7A4F7556}") = "Algorithms", "Algorithms\Algorithms.csproj", "{70BA64B0-7A5D-40AE-9E13-FAE27E7659B5}"
EndProject
Project("{9A19103F-16F7-4668-BE54-9A1E7A4F7556}") = "TestAlgorithms", "TestAlgorithms\TestAlgorithms.csproj", "{E667FFCE-B98B-4D1B-8FBF-E918F30C13A3}"
EndProject
Project("{9A19103F-16F7-4668-BE54-9A1E7A4F7556}") = "Aufgaben", "Aufgaben\Aufgaben.csproj", "{E82CF1DD-1C9D-460F-87D4-64D8BC3A1D46}"
EndProject
Project("{FAE04EC0-301F-11D3-BF4B-00C04F79EFBC}") = "KlasseTaschenrechner", "KlasseTaschenrechner\KlasseTaschenrechner.csproj", "{D7B9BC05-AC6C-4BDD-B24F-CA6D45DAF763}"
EndProject
Global
	GlobalSection(SolutionConfigurationPlatforms) = preSolution
		Debug|Any CPU = Debug|Any CPU
		Release|Any CPU = Release|Any CPU
	EndGlobalSection
	GlobalSection(ProjectConfigurationPlatforms) = postSolution
		{7911D14A-81A5-4546-97E5-EBD0C4330476}.Debug|Any CPU.ActiveCfg = Debug|Any CPU
		{7911D14A-81A5-4546-97E5-EBD0C4330476}.Debug|Any CPU.Build.0 = Debug|Any CPU
		{7911D14A-81A5-4546-97E5-EBD0C4330476}.Release|Any CPU.ActiveCfg = Release|Any CPU
		{7911D14A-81A5-4546-97E5-EBD0C4330476}.Release|Any CPU.Build.0 = Release|Any CPU
		{41E28F0A-7CE3-4E6E-BE45-B0FA763E2621}.Debug|Any CPU.ActiveCfg = Debug|Any CPU
		{41E28F0A-7CE3-4E6E-BE45-B0FA763E2621}.Debug|Any CPU.Build.0 = Debug|Any CPU
		{41E28F0A-7CE3-4E6E-BE45-B0FA763E2621}.Release|Any CPU.ActiveCfg = Release|Any CPU
		{41E28F0A-7CE3-4E6E-BE45-B0FA763E2621}.Release|Any CPU.Build.0 = Release|Any CPU
		{3A14DFE7-3FEC-4A82-AB2D-F2FD063AA77D}.Debug|Any CPU.ActiveCfg = Debug|Any CPU
		{3A14DFE7-3FEC-4A82-AB2D-F2FD063AA77D}.Debug|Any CPU.Build.0 = Debug|Any CPU
		{3A14DFE7-3FEC-4A82-AB2D-F2FD063AA77D}.Release|Any CPU.ActiveCfg = Release|Any CPU
		{3A14DFE7-3FEC-4A82-AB2D-F2FD063AA77D}.Release|Any CPU.Build.0 = Release|Any CPU
		{E62C965A-1C73-4C58-86A7-C4B7F3C5B1FF}.Debug|Any CPU.ActiveCfg = Debug|Any CPU
		{E62C965A-1C73-4C58-86A7-C4B7F3C5B1FF}.Debug|Any CPU.Build.0 = Debug|Any CPU
		{E62C965A-1C73-4C58-86A7-C4B7F3C5B1FF}.Release|Any CPU.ActiveCfg = Release|Any CPU
		{E62C965A-1C73-4C58-86A7-C4B7F3C5B1FF}.Release|Any CPU.Build.0 = Release|Any CPU
		{30D350E2-A99C-4BFE-BF2D-F03755D6271C}.Debug|Any CPU.ActiveCfg = Debug|Any CPU
		{30D350E2-A99C-4BFE-BF2D-F03755D6271C}.Debug|Any CPU.Build.0 = Debug|Any CPU
		{30D350E2-A99C-4BFE-BF2D-F03755D6271C}.Release|Any CPU.ActiveCfg = Release|Any CPU
		{30D350E2-A99C-4BFE-BF2D-F03755D6271C}.Release|Any CPU.Build.0 = Release|Any CPU
		{6C3B210B-61F3-4C2F-A6FA-98817648E0C2}.Debug|Any CPU.ActiveCfg = Debug|Any CPU
		{6C3B210B-61F3-4C2F-A6FA-98817648E0C2}.Debug|Any CPU.Build.0 = Debug|Any CPU
		{6C3B210B-61F3-4C2F-A6FA-98817648E0C2}.Release|Any CPU.ActiveCfg = Release|Any CPU
		{6C3B210B-61F3-4C2F-A6FA-98817648E0C2}.Release|Any CPU.Build.0 = Release|Any CPU
		{8767A41F-5656-4CAC-9A25-FE62B22F5E00}.Debug|Any CPU.ActiveCfg = Debug|Any CPU
		{8767A41F-5656-4CAC-9A25-FE62B22F5E00}.Debug|Any CPU.Build.0 = Debug|Any CPU
		{8767A41F-5656-4CAC-9A25-FE62B22F5E00}.Release|Any CPU.ActiveCfg = Release|Any CPU
		{8767A41F-5656-4CAC-9A25-FE62B22F5E00}.Release|Any CPU.Build.0 = Release|Any CPU
		{A4EC43AE-D74D-4CB2-B2E2-D2CC5FD0C260}.Debug|Any CPU.ActiveCfg = Debug|Any CPU
		{A4EC43AE-D74D-4CB2-B2E2-D2CC5FD0C260}.Debug|Any CPU.Build.0 = Debug|Any CPU
		{A4EC43AE-D74D-4CB2-B2E2-D2CC5FD0C260}.Release|Any CPU.ActiveCfg = Release|Any CPU
		{A4EC43AE-D74D-4CB2-B2E2-D2CC5FD0C260}.Release|Any CPU.Build.0 = Release|Any CPU
		{70BA64B0-7A5D-40AE-9E13-FAE27E7659B5}.Debug|Any CPU.ActiveCfg = Debug|Any CPU
		{70BA64B0-7A5D-40AE-9E13-FAE27E7659B5}.Debug|Any CPU.Build.0 = Debug|Any CPU
		{70BA64B0-7A5D-40AE-9E13-FAE27E7659B5}.Release|Any CPU.ActiveCfg = Release|Any CPU
		{70BA64B0-7A5D-40AE-9E13-FAE27E7659B5}.Release|Any CPU.Build.0 = Release|Any CPU
		{E667FFCE-B98B-4D1B-8FBF-E918F30C13A3}.Debug|Any CPU.ActiveCfg = Debug|Any CPU
		{E667FFCE-B98B-4D1B-8FBF-E918F30C13A3}.Debug|Any CPU.Build.0 = Debug|Any CPU
		{E667FFCE-B98B-4D1B-8FBF-E918F30C13A3}.Release|Any CPU.ActiveCfg = Release|Any CPU
		{E667FFCE-B98B-4D1B-8FBF-E918F30C13A3}.Release|Any CPU.Build.0 = Release|Any CPU
		{E82CF1DD-1C9D-460F-87D4-64D8BC3A1D46}.Debug|Any CPU.ActiveCfg = Debug|Any CPU
		{E82CF1DD-1C9D-460F-87D4-64D8BC3A1D46}.Debug|Any CPU.Build.0 = Debug|Any CPU
		{E82CF1DD-1C9D-460F-87D4-64D8BC3A1D46}.Release|Any CPU.ActiveCfg = Release|Any CPU
		{E82CF1DD-1C9D-460F-87D4-64D8BC3A1D46}.Release|Any CPU.Build.0 = Release|Any CPU
		{D7B9BC05-AC6C-4BDD-B24F-CA6D45DAF763}.Debug|Any CPU.ActiveCfg = Debug|Any CPU
		{D7B9BC05-AC6C-4BDD-B24F-CA6D45DAF763}.Debug|Any CPU.Build.0 = Debug|Any CPU
		{D7B9BC05-AC6C-4BDD-B24F-CA6D45DAF763}.Release|Any CPU.ActiveCfg = Release|Any CPU
		{D7B9BC05-AC6C-4BDD-B24F-CA6D45DAF763}.Release|Any CPU.Build.0 = Release|Any CPU
	EndGlobalSection
	GlobalSection(SolutionProperties) = preSolution
		HideSolutionNode = FALSE
	EndGlobalSection
	GlobalSection(ExtensibilityGlobals) = postSolution
		SolutionGuid = {65D64F08-A979-4FF7-8FF4-9563F28A3319}
	EndGlobalSection
EndGlobal
