
Microsoft Visual Studio Solution File, Format Version 12.00
# Visual Studio Version 17
VisualStudioVersion = 17.7.34024.191
MinimumVisualStudioVersion = 10.0.40219.1
Project("{9A19103F-16F7-4668-BE54-9A1E7A4F7556}") = "Taschenrechner", "Taschenrechner\Taschenrechner.csproj", "{7911D14A-81A5-4546-97E5-EBD0C4330476}"
EndProject
Project("{9A19103F-16F7-4668-BE54-9A1E7A4F7556}") = "Schleifen", "Schleifen\Schleifen.csproj", "{41E28F0A-7CE3-4E6E-BE45-B0FA763E2621}"
EndProject
Project("{9A19103F-16F7-4668-BE54-9A1E7A4F7556}") = "Kontrollstrukturen", "Kontrollstrukturen\Kontrollstrukturen.csproj", "{3A14DFE7-3FEC-4A82-AB2D-F2FD063AA77D}"
EndProject
Project("{9A19103F-16F7-4668-BE54-9A1E7A4F7556}") = "Functions", "Functions\Functions.csproj", "{E62C965A-1C73-4C58-86A7-C4B7F3C5B1FF}"
EndProject
Project("{9A19103F-16F7-4668-BE54-9A1E7A4F7556}") = "test", "test\test.csproj", "{9573C60A-2785-42FB-8F10-001CC10CC497}"
EndProject
Project("{9A19103F-16F7-4668-BE54-9A1E7A4F7556}") = "VariablenUndDatentypen", "VariablenUndDatentypen\VariablenUndDatentypen.csproj", "{30D350E2-A99C-4BFE-BF2D-F03755D6271C}"
EndProject
Project("{FAE04EC0-301F-11D3-BF4B-00C04F79EFBC}") = "Collections", "Collections\Collections.csproj", "{6C3B210B-61F3-4C2F-A6FA-98817648E0C2}"
EndProject
Global
	GlobalSection(SolutionConfigurationPlatforms) = preSolution
		Debug|Any CPU = Debug|Any CPU
		Release|Any CPU = Release|Any CPU
	EndGlobalSection
	GlobalSection(ProjectConfigurationPlatforms) = postSolution
		{7911D14A-81A5-4546-97E5-EBD0C4330476}.Debug|Any CPU.ActiveCfg = Debug|Any CPU
		{7911D14A-81A5-4546-97E5-EBD0C4330476}.Debug|Any CPU.Build.0 = Debug|Any CPU
		{7911D14A-81A5-4546-97E5-EBD0C4330476}.Release|Any CPU.ActiveCfg = Release|Any CPU
		{7911D14A-81A5-4546-97E5-EBD0C4330476}.Release|Any CPU.Build.0 = Release|Any CPU
		{41E28F0A-7CE3-4E6E-BE45-B0FA763E2621}.Debug|Any CPU.ActiveCfg = Debug|Any CPU
		{41E28F0A-7CE3-4E6E-BE45-B0FA763E2621}.Debug|Any CPU.Build.0 = Debug|Any CPU
		{41E28F0A-7CE3-4E6E-BE45-B0FA763E2621}.Release|Any CPU.ActiveCfg = Release|Any CPU
		{41E28F0A-7CE3-4E6E-BE45-B0FA763E2621}.Release|Any CPU.Build.0 = Release|Any CPU
		{3A14DFE7-3FEC-4A82-AB2D-F2FD063AA77D}.Debug|Any CPU.ActiveCfg = Debug|Any CPU
		{3A14DFE7-3FEC-4A82-AB2D-F2FD063AA77D}.Debug|Any CPU.Build.0 = Debug|Any CPU
		{3A14DFE7-3FEC-4A82-AB2D-F2FD063AA77D}.Release|Any CPU.ActiveCfg = Release|Any CPU
		{3A14DFE7-3FEC-4A82-AB2D-F2FD063AA77D}.Release|Any CPU.Build.0 = Release|Any CPU
		{E62C965A-1C73-4C58-86A7-C4B7F3C5B1FF}.Debug|Any CPU.ActiveCfg = Debug|Any CPU
		{E62C965A-1C73-4C58-86A7-C4B7F3C5B1FF}.Debug|Any CPU.Build.0 = Debug|Any CPU
		{E62C965A-1C73-4C58-86A7-C4B7F3C5B1FF}.Release|Any CPU.ActiveCfg = Release|Any CPU
		{E62C965A-1C73-4C58-86A7-C4B7F3C5B1FF}.Release|Any CPU.Build.0 = Release|Any CPU
		{9573C60A-2785-42FB-8F10-001CC10CC497}.Debug|Any CPU.ActiveCfg = Debug|Any CPU
		{9573C60A-2785-42FB-8F10-001CC10CC497}.Debug|Any CPU.Build.0 = Debug|Any CPU
		{9573C60A-2785-42FB-8F10-001CC10CC497}.Release|Any CPU.ActiveCfg = Release|Any CPU
		{9573C60A-2785-42FB-8F10-001CC10CC497}.Release|Any CPU.Build.0 = Release|Any CPU
		{30D350E2-A99C-4BFE-BF2D-F03755D6271C}.Debug|Any CPU.ActiveCfg = Debug|Any CPU
		{30D350E2-A99C-4BFE-BF2D-F03755D6271C}.Debug|Any CPU.Build.0 = Debug|Any CPU
		{30D350E2-A99C-4BFE-BF2D-F03755D6271C}.Release|Any CPU.ActiveCfg = Release|Any CPU
		{30D350E2-A99C-4BFE-BF2D-F03755D6271C}.Release|Any CPU.Build.0 = Release|Any CPU
		{6C3B210B-61F3-4C2F-A6FA-98817648E0C2}.Debug|Any CPU.ActiveCfg = Debug|Any CPU
		{6C3B210B-61F3-4C2F-A6FA-98817648E0C2}.Debug|Any CPU.Build.0 = Debug|Any CPU
		{6C3B210B-61F3-4C2F-A6FA-98817648E0C2}.Release|Any CPU.ActiveCfg = Release|Any CPU
		{6C3B210B-61F3-4C2F-A6FA-98817648E0C2}.Release|Any CPU.Build.0 = Release|Any CPU
	EndGlobalSection
	GlobalSection(SolutionProperties) = preSolution
		HideSolutionNode = FALSE
	EndGlobalSection
	GlobalSection(ExtensibilityGlobals) = postSolution
		SolutionGuid = {65D64F08-A979-4FF7-8FF4-9563F28A3319}
	EndGlobalSection
EndGlobal
